{
    "_meta": {
        "hash": {
            "sha256": "14828550f9d56e327e074ba5d88ad6534777ad227e38dcc7ddd897534b4dd429"
        },
        "pipfile-spec": 6,
        "requires": {
            "python_version": "3.10"
        },
        "sources": [
            {
                "name": "pypi",
                "url": "https://pypi.org/simple",
                "verify_ssl": true
            }
        ]
    },
    "default": {
        "black": {
            "hashes": [
                "sha256:101c69b23df9b44247bd88e1d7e90154336ac4992502d4197bdac35dd7ee3320",
                "sha256:159a46a4947f73387b4d83e87ea006dbb2337eab6c879620a3ba52699b1f4351",
                "sha256:1f58cbe16dfe8c12b7434e50ff889fa479072096d79f0a7f25e4ab8e94cd8350",
                "sha256:229351e5a18ca30f447bf724d007f890f97e13af070bb6ad4c0a441cd7596a2f",
                "sha256:436cc9167dd28040ad90d3b404aec22cedf24a6e4d7de221bec2730ec0c97bcf",
                "sha256:559c7a1ba9a006226f09e4916060982fd27334ae1998e7a38b3f33a37f7a2148",
                "sha256:7412e75863aa5c5411886804678b7d083c7c28421210180d67dfd8cf1221e1f4",
                "sha256:77d86c9f3db9b1bf6761244bc0b3572a546f5fe37917a044e02f3166d5aafa7d",
                "sha256:82d9fe8fee3401e02e79767016b4907820a7dc28d70d137eb397b92ef3cc5bfc",
                "sha256:9eedd20838bd5d75b80c9f5487dbcb06836a43833a37846cf1d8c1cc01cef59d",
                "sha256:c116eed0efb9ff870ded8b62fe9f28dd61ef6e9ddd28d83d7d264a38417dcee2",
                "sha256:d30b212bffeb1e252b31dd269dfae69dd17e06d92b87ad26e23890f3efea366f"
            ],
            "index": "pypi",
            "version": "==22.12.0"
        },
        "click": {
            "hashes": [
                "sha256:7682dc8afb30297001674575ea00d1814d808d6a36af415a82bd481d37ba7b8e",
                "sha256:bb4d8133cb15a609f44e8213d9b391b0809795062913b383c62be0ee95b1db48"
            ],
            "markers": "python_version >= '3.7'",
            "version": "==8.1.3"
        },
        "isort": {
            "hashes": [
                "sha256:8bef7dde241278824a6d83f44a544709b065191b95b6e50894bdc722fcba0504",
                "sha256:f84c2818376e66cf843d497486ea8fed8700b340f308f076c6fb1229dff318b6"
            ],
            "index": "pypi",
            "version": "==5.12.0"
        },
        "maturin": {
            "hashes": [
                "sha256:16a81196ada94bc4b6ee1df6a4fa2e2dd3a2b51c9dd41e3561f59f796fdad92f",
                "sha256:3f555fb042b94f74995e6733a6406fb5afd6604828608968aebd4aa191180a2d",
                "sha256:5989a92903e86a37428b4ebf1df44b08023e8efb695fb549f9dab0ac9cc5bae3",
                "sha256:5af3a8545b66793ed04db8bb4750e7272f1724369ad792912c0e7be829f9e08b",
                "sha256:795c284b1ece7e6be720516ca0b0cdaf0ec8a399db5742fc9f45dd4c2e732fba",
                "sha256:a2ba25fce913271cb765d656e2cf4640a355190130c19cee85672af9a6f96839",
                "sha256:b8f6a39d5393f83b5fbb90bc4d99b45b62e9749293518640aba910c840311c57",
                "sha256:bc63aa5b4717f1eb37cea39d450e90bc4050061def8e159228ec5e7c036481ec",
                "sha256:bfe98543b0f72c10dc46add16a09c5561d7028878a1b8440aa880de0a16f3ebc",
                "sha256:daf895c987170bee8bf38706d306743b7b0bba54f0870a00ba3dc4b6677396fe",
                "sha256:e5c5192ec8ebb9f8e4e5f26d2f02171fcfab3f666b66292fe0680980c13706b3",
                "sha256:fcc75fa7bf98326ef9b3e648b9107be6afdbb0cac4dd861f0040ad6a3d410a69",
                "sha256:fd4ac0c5591f30732a3ddab13f9d2a6f32d0fe4424e3f0c3612356ad95acb5e5"
            ],
            "index": "pypi",
            "version": "==0.14.12"
        },
        "mypy-extensions": {
            "hashes": [
                "sha256:090fedd75945a69ae91ce1303b5824f428daf5a028d2f6ab8a299250a846f15d",
                "sha256:2d82818f5bb3e369420cb3c4060a7970edba416647068eb4c5343488a6c604a8"
            ],
            "version": "==0.4.3"
        },
        "pathspec": {
            "hashes": [
                "sha256:3a66eb970cbac598f9e5ccb5b2cf58930cd8e3ed86d393d541eaf2d8b1705229",
                "sha256:64d338d4e0914e91c1792321e6907b5a593f1ab1851de7fc269557a21b30ebbc"
            ],
            "markers": "python_version >= '3.7'",
            "version": "==0.11.0"
        },
        "platformdirs": {
            "hashes": [
                "sha256:83c8f6d04389165de7c9b6f0c682439697887bca0aa2f1c87ef1826be3584490",
                "sha256:e1fea1fe471b9ff8332e229df3cb7de4f53eeea4998d3b6bfff542115e998bd2"
            ],
            "markers": "python_version >= '3.7'",
            "version": "==2.6.2"
        },
        "tomli": {
            "hashes": [
                "sha256:939de3e7a6161af0c887ef91b7d41a53e7c5a1ca976325f429cb46ea9bc30ecc",
                "sha256:de526c12914f0c550d15924c62d72abc48d6fe7364aa87328337a31007fe8a4f"
            ],
            "markers": "python_version < '3.11'",
            "version": "==2.0.1"
        }
    },
    "develop": {}
}
